schema: '2.0'
stages:
  copy-labeled:
    cmd: python3 scripts/copy_labeled_to_dataset.py
    deps:
    - path: ../data-labeled
      hash: md5
      md5: 2a3255d90b9e4c6a1aa3eb5905ae51f9.dir
      size: 10414
      nfiles: 4
    - path: scripts/copy_labeled_to_dataset.py
      hash: md5
      md5: a79752661b83c60fe76668516fc9d4db
      size: 1733
    outs:
    - path: dataset
      hash: md5
      md5: 690a200b0029e211a4edfe4f667bf692.dir
      size: 38729
      nfiles: 3
